
Microsoft Visual Studio Solution File, Format Version 12.00
# Visual Studio Version 17
VisualStudioVersion = 17.11.35431.28
MinimumVisualStudioVersion = 10.0.40219.1
Project("{9A19103F-16F7-4668-BE54-9A1E7A4F7556}") = "CsvDataManager", "CsvDataManager\CsvDataManager.csproj", "{8E44C96D-EBDE-4172-B4ED-90CE0F361B54}"
EndProject
Project("{9A19103F-16F7-4668-BE54-9A1E7A4F7556}") = "QueueWorkerConsole", "QueueWorkerConsole\QueueWorkerConsole.csproj", "{CC37668A-6B3D-4B8B-8F90-CB286B393F90}"
EndProject
Project("{9A19103F-16F7-4668-BE54-9A1E7A4F7556}") = "CsvManagerAPI", "CsvManagerAPI\CsvManagerAPI.csproj", "{97D914BD-5209-446E-ADE4-07BF8B499C45}"
EndProject
Project("{9A19103F-16F7-4668-BE54-9A1E7A4F7556}") = "Domain", "Domain\Domain.csproj", "{48950B3C-FCA8-43E1-BD29-4153973DBA74}"
EndProject
Project("{FAE04EC0-301F-11D3-BF4B-00C04F79EFBC}") = "CsvDataManagerTest", "CsvDataManagerTest\CsvDataManagerTest.csproj", "{575797C3-973D-4D73-A121-1DB11573BFE4}"
EndProject
Global
	GlobalSection(SolutionConfigurationPlatforms) = preSolution
		Debug|Any CPU = Debug|Any CPU
		Release|Any CPU = Release|Any CPU
	EndGlobalSection
	GlobalSection(ProjectConfigurationPlatforms) = postSolution
		{8E44C96D-EBDE-4172-B4ED-90CE0F361B54}.Debug|Any CPU.ActiveCfg = Debug|Any CPU
		{8E44C96D-EBDE-4172-B4ED-90CE0F361B54}.Debug|Any CPU.Build.0 = Debug|Any CPU
		{8E44C96D-EBDE-4172-B4ED-90CE0F361B54}.Release|Any CPU.ActiveCfg = Release|Any CPU
		{8E44C96D-EBDE-4172-B4ED-90CE0F361B54}.Release|Any CPU.Build.0 = Release|Any CPU
		{CC37668A-6B3D-4B8B-8F90-CB286B393F90}.Debug|Any CPU.ActiveCfg = Debug|Any CPU
		{CC37668A-6B3D-4B8B-8F90-CB286B393F90}.Debug|Any CPU.Build.0 = Debug|Any CPU
		{CC37668A-6B3D-4B8B-8F90-CB286B393F90}.Release|Any CPU.ActiveCfg = Release|Any CPU
		{CC37668A-6B3D-4B8B-8F90-CB286B393F90}.Release|Any CPU.Build.0 = Release|Any CPU
		{97D914BD-5209-446E-ADE4-07BF8B499C45}.Debug|Any CPU.ActiveCfg = Debug|Any CPU
		{97D914BD-5209-446E-ADE4-07BF8B499C45}.Debug|Any CPU.Build.0 = Debug|Any CPU
		{97D914BD-5209-446E-ADE4-07BF8B499C45}.Release|Any CPU.ActiveCfg = Release|Any CPU
		{97D914BD-5209-446E-ADE4-07BF8B499C45}.Release|Any CPU.Build.0 = Release|Any CPU
		{48950B3C-FCA8-43E1-BD29-4153973DBA74}.Debug|Any CPU.ActiveCfg = Debug|Any CPU
		{48950B3C-FCA8-43E1-BD29-4153973DBA74}.Debug|Any CPU.Build.0 = Debug|Any CPU
		{48950B3C-FCA8-43E1-BD29-4153973DBA74}.Release|Any CPU.ActiveCfg = Release|Any CPU
		{48950B3C-FCA8-43E1-BD29-4153973DBA74}.Release|Any CPU.Build.0 = Release|Any CPU
		{575797C3-973D-4D73-A121-1DB11573BFE4}.Debug|Any CPU.ActiveCfg = Debug|Any CPU
		{575797C3-973D-4D73-A121-1DB11573BFE4}.Debug|Any CPU.Build.0 = Debug|Any CPU
		{575797C3-973D-4D73-A121-1DB11573BFE4}.Release|Any CPU.ActiveCfg = Release|Any CPU
		{575797C3-973D-4D73-A121-1DB11573BFE4}.Release|Any CPU.Build.0 = Release|Any CPU
	EndGlobalSection
	GlobalSection(SolutionProperties) = preSolution
		HideSolutionNode = FALSE
	EndGlobalSection
	GlobalSection(ExtensibilityGlobals) = postSolution
		SolutionGuid = {4002EFBA-CB08-418E-8336-4281AB8BC126}
	EndGlobalSection
EndGlobal
